{
  "version": 4,
  "terraform_version": "1.6.2",
  "serial": 40,
  "lineage": "cf0c0bea-ad2d-260b-e88d-db719e06ec38",
  "outputs": {},
  "resources": [
    {
      "mode": "managed",
      "type": "yandex_compute_instance",
      "name": "build",
      "provider": "provider[\"registry.terraform.io/yandex-cloud/yandex\"]",
      "instances": [
        {
          "schema_version": 1,
          "attributes": {
            "allow_recreate": null,
            "allow_stopping_for_update": null,
            "boot_disk": [
              {
                "auto_delete": true,
                "device_name": "fhmqf6cqe58j71dfbvio",
                "disk_id": "fhmqf6cqe58j71dfbvio",
                "initialize_params": [
                  {
                    "block_size": 4096,
                    "description": "",
                    "image_id": "fd8ciuqfa001h8s9sa7i",
                    "name": "",
                    "size": 5,
                    "snapshot_id": "",
                    "type": "network-hdd"
                  }
                ],
                "mode": "READ_WRITE"
              }
            ],
            "created_at": "2023-10-27T16:24:10Z",
            "description": "",
            "filesystem": [],
            "folder_id": "b1gs7vib6tce4ocj9pnr",
            "fqdn": "fhme764pfgn18256d7ub.auto.internal",
            "gpu_cluster_id": "",
            "hostname": "",
            "id": "fhme764pfgn18256d7ub",
            "labels": null,
            "local_disk": [],
            "metadata": {
              "ssh-keys": "ubuntu:ssh-rsa AAAAB3NzaC1yc2EAAAADAQABAAABgQC4eJ0YrKvkq6jbrKwALoBj2xMbdz7NxyF1RR88qlCtCbGb83XLPJDSStvNWLwFnqsHRONEYRn8EcyKyMUWigPrfK/mvQHPqSaEeT38bJzCYLs0Q9fpU1GDCuQLKzzEyarHAk+nA3M50FHb/mxNgXNtv5QNEW5DEraXl1vpWLFKspNkkHUNb2dHmvp0MRcd+00mmhL1/p7+5UMkVcIa7Ml+eJvu95MF3uzNvPgBhuytjEStrCzB830o/ZpH98j6D9NSqObOBNct4s19cVfcTPh1tPA4uKGXWQc2SVDhYPsbHsM1rQd3PXNXT4nifo0b8VaEhz/hJnPRIddFJoB9fNSoFYLsinXQcYYyNhQKXMjb2Fl4c4MgAl1X/VhI+R6kfNM8KEcmVj58KJu+B57oEYc7aM1nLIIYJBqy2dyervEGkWg4H9p7YEB+9oTQDpMAC08Fy9tnCegJKTkWsvvWTs+GtaofSv0/5wbZoqtVFLpc15uh67S7jxqMCYdG5NZ4o3M= root@terraform\n"
            },
            "metadata_options": [
              {
                "aws_v1_http_endpoint": 1,
                "aws_v1_http_token": 2,
                "gce_http_endpoint": 1,
                "gce_http_token": 1
              }
            ],
            "name": "build",
            "network_acceleration_type": "standard",
            "network_interface": [
              {
                "dns_record": [],
                "index": 0,
                "ip_address": "10.128.0.12",
                "ipv4": true,
                "ipv6": false,
                "ipv6_address": "",
                "ipv6_dns_record": [],
                "mac_address": "d0:0d:e3:98:99:7c",
                "nat": true,
                "nat_dns_record": [],
                "nat_ip_address": "130.193.37.253",
                "nat_ip_version": "IPV4",
                "security_group_ids": [],
                "subnet_id": "e9b6m0jmtruhhm3r4bdj"
              }
            ],
            "placement_policy": [
              {
                "host_affinity_rules": [],
                "placement_group_id": ""
              }
            ],
            "platform_id": "standard-v1",
            "resources": [
              {
                "core_fraction": 100,
                "cores": 2,
                "gpus": 0,
                "memory": 4
              }
            ],
            "scheduling_policy": [
              {
                "preemptible": false
              }
            ],
            "secondary_disk": [],
            "service_account_id": "",
            "status": "running",
            "timeouts": null,
            "zone": "ru-central1-a"
          },
          "sensitive_attributes": [],
          "private": "eyJlMmJmYjczMC1lY2FhLTExZTYtOGY4OC0zNDM2M2JjN2M0YzAiOnsiY3JlYXRlIjozMDAwMDAwMDAwMDAsImRlbGV0ZSI6MzAwMDAwMDAwMDAwLCJ1cGRhdGUiOjMwMDAwMDAwMDAwMH0sInNjaGVtYV92ZXJzaW9uIjoiMSJ9"
        }
      ]
    },
    {
      "mode": "managed",
      "type": "yandex_compute_instance",
      "name": "prod",
      "provider": "provider[\"registry.terraform.io/yandex-cloud/yandex\"]",
      "instances": [
        {
          "status": "tainted",
          "schema_version": 1,
          "attributes": {
            "allow_recreate": null,
            "allow_stopping_for_update": null,
            "boot_disk": [
              {
                "auto_delete": true,
                "device_name": "fhmsq40k9ejea374lqhl",
                "disk_id": "fhmsq40k9ejea374lqhl",
                "initialize_params": [
                  {
                    "block_size": 4096,
                    "description": "",
                    "image_id": "fd8ciuqfa001h8s9sa7i",
                    "name": "",
                    "size": 5,
                    "snapshot_id": "",
                    "type": "network-hdd"
                  }
                ],
                "mode": "READ_WRITE"
              }
            ],
            "created_at": "2023-10-27T16:24:10Z",
            "description": "",
            "filesystem": [],
            "folder_id": "b1gs7vib6tce4ocj9pnr",
            "fqdn": "fhm7hcm418696vfilc5b.auto.internal",
            "gpu_cluster_id": "",
            "hostname": "",
            "id": "fhm7hcm418696vfilc5b",
            "labels": null,
            "local_disk": [],
            "metadata": {
              "ssh-keys": "ubuntu:ssh-rsa AAAAB3NzaC1yc2EAAAADAQABAAABgQDTDo3trWfMG7Cjd4yqUGDnJSHuKGCLO5M4jmo1nEzrlEg8ge7lgDna8dG+1TtKMqJmdNiOvpibdWUnFO9tAnPxIr358au8YaTZ7f8gr8ZQWD2ych2QB5OXVoEAPnUW+lTdgokNGDvH+Y7iC1UrcYXLR8GpcGL6cHI/xjhL0tnodJAhLnIuqnIdoPewFKi+5MQjtQYE/pCSshTwmZw2JNOYE261rK8uW0twciiAeqkiQMV/rfcjpqLioJ/9epXKBWrfvewLJtmP+//lypoAZO/ur/jrDzn4GAypnR2QHzPgyfqeVOkJXolbkupifBGVGr3VSy0Cbze6iUAU/1YDy8lcNVHh/xsb3axXcd+20mgauq1DxG6rOKATCAUp/1fYB7TyPy+19OxMg/JzH6bivb6y4zpGEsnyynl4wuej9fn/B3uhqaV+iIQXpj41Ss705SctrebV4m3eyHUMnQF+r8buj6qOGwAzT84sLFZkEJE0KaYQ9TImSlwBH3k9hw4Cz/k= root@terraform\n"
            },
            "metadata_options": [
              {
                "aws_v1_http_endpoint": 1,
                "aws_v1_http_token": 2,
                "gce_http_endpoint": 1,
                "gce_http_token": 1
              }
            ],
            "name": "prod",
            "network_acceleration_type": "standard",
            "network_interface": [
              {
                "dns_record": [],
                "index": 0,
                "ip_address": "10.128.0.4",
                "ipv4": true,
                "ipv6": false,
                "ipv6_address": "",
                "ipv6_dns_record": [],
                "mac_address": "d0:0d:78:b2:c4:0a",
                "nat": true,
                "nat_dns_record": [],
                "nat_ip_address": "158.160.35.244",
                "nat_ip_version": "IPV4",
                "security_group_ids": [],
                "subnet_id": "e9b6m0jmtruhhm3r4bdj"
              }
            ],
            "placement_policy": [
              {
                "host_affinity_rules": [],
                "placement_group_id": ""
              }
            ],
            "platform_id": "standard-v1",
            "resources": [
              {
                "core_fraction": 100,
                "cores": 2,
                "gpus": 0,
                "memory": 4
              }
            ],
            "scheduling_policy": [
              {
                "preemptible": false
              }
            ],
            "secondary_disk": [],
            "service_account_id": "",
            "status": "running",
            "timeouts": null,
            "zone": "ru-central1-a"
          },
          "sensitive_attributes": [],
          "private": "eyJlMmJmYjczMC1lY2FhLTExZTYtOGY4OC0zNDM2M2JjN2M0YzAiOnsiY3JlYXRlIjozMDAwMDAwMDAwMDAsImRlbGV0ZSI6MzAwMDAwMDAwMDAwLCJ1cGRhdGUiOjMwMDAwMDAwMDAwMH0sInNjaGVtYV92ZXJzaW9uIjoiMSJ9"
        }
      ]
    }
  ],
  "check_results": null
}
